
Microsoft Visual Studio Solution File, Format Version 12.00
# Visual Studio Version 16
VisualStudioVersion = 16.0.29920.165
MinimumVisualStudioVersion = 10.0.40219.1
Project("{9A19103F-16F7-4668-BE54-9A1E7A4F7556}") = "RE_CartWeightShipping", "RE_CartWeightShipping.csproj", "{2D30F254-59AC-41DA-A657-6996C0170616}"
EndProject
Project("{9A19103F-16F7-4668-BE54-9A1E7A4F7556}") = "RocketEcommerce", "..\RocketEcommerce\RocketEcommerce.csproj", "{19735D23-76FD-4AF0-8BE2-9356D32EFEB1}"
EndProject
Global
	GlobalSection(SolutionConfigurationPlatforms) = preSolution
		Debug|Any CPU = Debug|Any CPU
		Release|Any CPU = Release|Any CPU
	EndGlobalSection
	GlobalSection(ProjectConfigurationPlatforms) = postSolution
		{2D30F254-59AC-41DA-A657-6996C0170616}.Debug|Any CPU.ActiveCfg = Debug|Any CPU
		{2D30F254-59AC-41DA-A657-6996C0170616}.Debug|Any CPU.Build.0 = Debug|Any CPU
		{2D30F254-59AC-41DA-A657-6996C0170616}.Release|Any CPU.ActiveCfg = Release|Any CPU
		{2D30F254-59AC-41DA-A657-6996C0170616}.Release|Any CPU.Build.0 = Release|Any CPU
		{19735D23-76FD-4AF0-8BE2-9356D32EFEB1}.Debug|Any CPU.ActiveCfg = Debug|Any CPU
		{19735D23-76FD-4AF0-8BE2-9356D32EFEB1}.Debug|Any CPU.Build.0 = Debug|Any CPU
		{19735D23-76FD-4AF0-8BE2-9356D32EFEB1}.Release|Any CPU.ActiveCfg = Release|Any CPU
		{19735D23-76FD-4AF0-8BE2-9356D32EFEB1}.Release|Any CPU.Build.0 = Release|Any CPU
	EndGlobalSection
	GlobalSection(SolutionProperties) = preSolution
		HideSolutionNode = FALSE
	EndGlobalSection
	GlobalSection(ExtensibilityGlobals) = postSolution
		SolutionGuid = {57078679-5C0A-4ABB-A598-D25B74842B52}
	EndGlobalSection
EndGlobal
